
Microsoft Visual Studio Solution File, Format Version 12.00
# Visual Studio 15
VisualStudioVersion = 15.0.28010.2016
MinimumVisualStudioVersion = 10.0.40219.1
Project("{FAE04EC0-301F-11D3-BF4B-00C04F79EFBC}") = "MindSwpSolutionLogic", "MindSwpSolutionLogic.csproj", "{98BE2429-6F32-4B92-8F5D-FAF8234B1D22}"
EndProject
Global
	GlobalSection(SolutionConfigurationPlatforms) = preSolution
		Debug|Any CPU = Debug|Any CPU
		Release|Any CPU = Release|Any CPU
	EndGlobalSection
	GlobalSection(ProjectConfigurationPlatforms) = postSolution
		{98BE2429-6F32-4B92-8F5D-FAF8234B1D22}.Debug|Any CPU.ActiveCfg = Debug|Any CPU
		{98BE2429-6F32-4B92-8F5D-FAF8234B1D22}.Debug|Any CPU.Build.0 = Debug|Any CPU
		{98BE2429-6F32-4B92-8F5D-FAF8234B1D22}.Release|Any CPU.ActiveCfg = Release|Any CPU
		{98BE2429-6F32-4B92-8F5D-FAF8234B1D22}.Release|Any CPU.Build.0 = Release|Any CPU
	EndGlobalSection
	GlobalSection(SolutionProperties) = preSolution
		HideSolutionNode = FALSE
	EndGlobalSection
	GlobalSection(ExtensibilityGlobals) = postSolution
		SolutionGuid = {58304D78-619E-4C8F-BD9A-4EF1B3F15C43}
	EndGlobalSection
EndGlobal
